<Solution>
  <Folder Name="/Docs/">
    <File Path="CLAUDE.md" />
    <File Path="docs/architecture.md" />
    <File Path="docs/provider-guide.md" />
    <File Path="docs/quick-start.md" />
    <File Path="docs/testing-guide.md" />
  </Folder>
  <Folder Name="/Others/">
    <File Path=".gitignore" />
  </Folder>
  <Project Path="src/ManInBlack.AI/ManInBlack.AI.csproj" />
  <Project Path="src/ManInBlack.AI.Core/ManInBlack.AI.Core.csproj" />
  <Project Path="src/ManInBlack.AI.SourceGenerator/ManInBlack.AI.SourceGenerator.csproj" />
  <Folder Name="/Bwarp/">
    <Project Path="Bwarp/Bwarp.Tests/Bwarp.Tests.csproj" />
    <Project Path="Bwarp/Bwarp/Bwarp.csproj" />
    <Project Path="Bwarp/BwarpDemo/BwarpDemo.csproj" />
  </Folder>
  <Folder Name="/Demo/">
    <Project Path="demo/AgentConsole/AgentConsole.csproj" />
    <Project Path="demo/FeishuAdaptor/FeishuAdaptor.csproj" />
    <Project Path="demo/Playground/Playground.csproj" />
  </Folder>
  <Project Path="test/ManInBlack.AI.Tests/ManInBlack.AI.Tests.csproj" />
</Solution>
