<Solution>
  <Project Path="src/ManInBlack.AI/ManInBlack.AI.csproj" />
  <Project Path="src/ManInBlack.AI.SourceGenerator/ManInBlack.AI.SourceGenerator.csproj" />
  <Project Path="demo/Playground/Playground.csproj" />
  <Project Path="demo/AgentConsole/AgentConsole.csproj" />
  <Project Path="test/ManInBlack.AI.Tests/ManInBlack.AI.Tests.csproj" />
</Solution>
